<?xml version="1.0" encoding="utf-8"?>
<Project ToolsVersion="4.0" xmlns="http://schemas.microsoft.com/developer/msbuild/2003">
  <ItemGroup>
    <Filter Include="Source Files">
      <UniqueIdentifier>{4FC737F1-C7A5-4376-A066-2A32D752A2FF}</UniqueIdentifier>
      <Extensions>cpp;c;cc;cxx;def;odl;idl;hpj;bat;asm;asmx</Extensions>
    </Filter>
    <Filter Include="Header Files">
      <UniqueIdentifier>{93995380-89BD-4b04-88EB-625FBE52EBFB}</UniqueIdentifier>
      <Extensions>h;hh;hpp;hxx;hm;inl;inc;ipp;xsd</Extensions>
    </Filter>
    <Filter Include="Resource Files">
      <UniqueIdentifier>{67DA6AB6-F800-4c08-8B7A-83BB121AAD01}</UniqueIdentifier>
      <Extensions>rc;ico;cur;bmp;dlg;rc2;rct;bin;rgs;gif;jpg;jpeg;jpe;resx;tiff;tif;png;wav;mfcribbon-ms</Extensions>
    </Filter>
  </ItemGroup>
  <ItemGroup>
    <ClCompile Include="CutClosedMesh.cpp">
      <Filter>Source Files</Filter>
    </ClCompile>
    <ClCompile Include="CutGenusZeroMesh.cpp">
      <Filter>Source Files</Filter>
    </ClCompile>
    <ClCompile Include="HierarchicalClustering.cpp">
      <Filter>Source Files</Filter>
    </ClCompile>
    <ClCompile Include="KPNewton.cpp">
      <Filter>Source Files</Filter>
    </ClCompile>
    <ClCompile Include="MeshCut.cpp">
      <Filter>Source Files</Filter>
    </ClCompile>
    <ClCompile Include="MeshDefinition.cpp">
      <Filter>Source Files</Filter>
    </ClCompile>
    <ClCompile Include="MinimalSpanningTree.cpp">
      <Filter>Source Files</Filter>
    </ClCompile>
    <ClCompile Include="PardisoSolver.cpp">
      <Filter>Source Files</Filter>
    </ClCompile>
    <ClCompile Include="QEMSimplification.cpp">
      <Filter>Source Files</Filter>
    </ClCompile>
    <ClCompile Include="ShortestPath.cpp">
      <Filter>Source Files</Filter>
    </ClCompile>
    <ClCompile Include="Subdivision.cpp">
      <Filter>Source Files</Filter>
    </ClCompile>
    <ClCompile Include="Source.cpp">
      <Filter>Source Files</Filter>
    </ClCompile>
    <ClCompile Include="FarthestPointSampling.cpp">
      <Filter>Source Files</Filter>
    </ClCompile>
    <ClCompile Include="VDPApp.cpp">
      <Filter>Source Files</Filter>
    </ClCompile>
  </ItemGroup>
  <ItemGroup>
    <ClInclude Include="CutClosedMesh.h">
      <Filter>Header Files</Filter>
    </ClInclude>
    <ClInclude Include="CutGenusZeroMesh.h">
      <Filter>Header Files</Filter>
    </ClInclude>
    <ClInclude Include="HierarchicalClustering.h">
      <Filter>Header Files</Filter>
    </ClInclude>
    <ClInclude Include="KPNewton.h">
      <Filter>Header Files</Filter>
    </ClInclude>
    <ClInclude Include="MeshCut.h">
      <Filter>Header Files</Filter>
    </ClInclude>
    <ClInclude Include="MeshDefinition.h">
      <Filter>Header Files</Filter>
    </ClInclude>
    <ClInclude Include="MinimalSpanningTree.h">
      <Filter>Header Files</Filter>
    </ClInclude>
    <ClInclude Include="PardisoSolver.h">
      <Filter>Header Files</Filter>
    </ClInclude>
    <ClInclude Include="QEMSimplification.h">
      <Filter>Header Files</Filter>
    </ClInclude>
    <ClInclude Include="ShortestPath.h">
      <Filter>Header Files</Filter>
    </ClInclude>
    <ClInclude Include="Subdivision.h">
      <Filter>Header Files</Filter>
    </ClInclude>
    <ClInclude Include="FarthestPointSampling.h">
      <Filter>Header Files</Filter>
    </ClInclude>
    <ClInclude Include="VDPApp.h">
      <Filter>Header Files</Filter>
    </ClInclude>
  </ItemGroup>
</Project>